
Microsoft Visual Studio Solution File, Format Version 12.00
# Visual Studio 15
VisualStudioVersion = 15.0.27130.2036
MinimumVisualStudioVersion = 10.0.40219.1
Project("{FAE04EC0-301F-11D3-BF4B-00C04F79EFBC}") = "CalculadoraCompleta", "CalculadoraCompleta\CalculadoraCompleta.csproj", "{16463A4F-1564-44F7-B503-2BA5C0307DCC}"
EndProject
Global
	GlobalSection(SolutionConfigurationPlatforms) = preSolution
		Debug|Any CPU = Debug|Any CPU
		Release|Any CPU = Release|Any CPU
	EndGlobalSection
	GlobalSection(ProjectConfigurationPlatforms) = postSolution
		{16463A4F-1564-44F7-B503-2BA5C0307DCC}.Debug|Any CPU.ActiveCfg = Debug|Any CPU
		{16463A4F-1564-44F7-B503-2BA5C0307DCC}.Debug|Any CPU.Build.0 = Debug|Any CPU
		{16463A4F-1564-44F7-B503-2BA5C0307DCC}.Release|Any CPU.ActiveCfg = Release|Any CPU
		{16463A4F-1564-44F7-B503-2BA5C0307DCC}.Release|Any CPU.Build.0 = Release|Any CPU
	EndGlobalSection
	GlobalSection(SolutionProperties) = preSolution
		HideSolutionNode = FALSE
	EndGlobalSection
	GlobalSection(ExtensibilityGlobals) = postSolution
		SolutionGuid = {82B2B431-C669-4EC4-9E04-79EC32CCA3DF}
	EndGlobalSection
EndGlobal
